// !$*UTF8*$!
{
	archiveVersion = 1;
	classes = {
	};
	objectVersion = 77;
	objects = {

/* Begin PBXBuildFile section */
		F79175EC2D8183DC00F09F8B /* FirebaseCore in Frameworks */ = {isa = PBXBuildFile; productRef = F79175EB2D8183DC00F09F8B /* FirebaseCore */; };
		F79175EE2D81843200F09F8B /* FirebaseAuth in Frameworks */ = {isa = PBXBuildFile; productRef = F79175ED2D81843200F09F8B /* FirebaseAuth */; };
		F79175F72D818CF400F09F8B /* FirebaseDatabase in Frameworks */ = {isa = PBXBuildFile; productRef = F79175F62D818CF400F09F8B /* FirebaseDatabase */; };
		F79175F92D818D2700F09F8B /* FirebaseFirestore in Frameworks */ = {isa = PBXBuildFile; productRef = F79175F82D818D2700F09F8B /* FirebaseFirestore */; };
		F79B48462D83EB0B0001F1C6 /* FirebaseFirestoreCombine-Community in Frameworks */ = {isa = PBXBuildFile; productRef = F79B48452D83EB0B0001F1C6 /* FirebaseFirestoreCombine-Community */; };
		F79B48482D83EB2E0001F1C6 /* FirebaseFunctions in Frameworks */ = {isa = PBXBuildFile; productRef = F79B48472D83EB2E0001F1C6 /* FirebaseFunctions */; };
		F79B484A2D83EB360001F1C6 /* FirebaseInAppMessaging-Beta in Frameworks */ = {isa = PBXBuildFile; productRef = F79B48492D83EB360001F1C6 /* FirebaseInAppMessaging-Beta */; };
		F79B484C2D83EB440001F1C6 /* FirebaseAnalytics in Frameworks */ = {isa = PBXBuildFile; productRef = F79B484B2D83EB440001F1C6 /* FirebaseAnalytics */; };
		F79B484E2D83EB440001F1C6 /* FirebaseAnalyticsOnDeviceConversion in Frameworks */ = {isa = PBXBuildFile; productRef = F79B484D2D83EB440001F1C6 /* FirebaseAnalyticsOnDeviceConversion */; };
		F79B48502D83EB440001F1C6 /* FirebaseAnalyticsWithoutAdIdSupport in Frameworks */ = {isa = PBXBuildFile; productRef = F79B484F2D83EB440001F1C6 /* FirebaseAnalyticsWithoutAdIdSupport */; };
		F79B48522D83EB440001F1C6 /* FirebaseAppCheck in Frameworks */ = {isa = PBXBuildFile; productRef = F79B48512D83EB440001F1C6 /* FirebaseAppCheck */; };
		F79B48542D83EB440001F1C6 /* FirebaseAppDistribution-Beta in Frameworks */ = {isa = PBXBuildFile; productRef = F79B48532D83EB440001F1C6 /* FirebaseAppDistribution-Beta */; };
		F79B48562D83EB440001F1C6 /* FirebaseAuthCombine-Community in Frameworks */ = {isa = PBXBuildFile; productRef = F79B48552D83EB440001F1C6 /* FirebaseAuthCombine-Community */; };
		F79B48582D83EB440001F1C6 /* FirebaseCrashlytics in Frameworks */ = {isa = PBXBuildFile; productRef = F79B48572D83EB440001F1C6 /* FirebaseCrashlytics */; };
		F79B485A2D83EB440001F1C6 /* FirebaseDynamicLinks in Frameworks */ = {isa = PBXBuildFile; productRef = F79B48592D83EB440001F1C6 /* FirebaseDynamicLinks */; };
		F79B485C2D83EB440001F1C6 /* FirebaseFunctionsCombine-Community in Frameworks */ = {isa = PBXBuildFile; productRef = F79B485B2D83EB440001F1C6 /* FirebaseFunctionsCombine-Community */; };
		F79B485E2D83EB440001F1C6 /* FirebaseInstallations in Frameworks */ = {isa = PBXBuildFile; productRef = F79B485D2D83EB440001F1C6 /* FirebaseInstallations */; };
		F79B48602D83EB440001F1C6 /* FirebaseMessaging in Frameworks */ = {isa = PBXBuildFile; productRef = F79B485F2D83EB440001F1C6 /* FirebaseMessaging */; };
		F79B48622D83EB440001F1C6 /* FirebaseMLModelDownloader in Frameworks */ = {isa = PBXBuildFile; productRef = F79B48612D83EB440001F1C6 /* FirebaseMLModelDownloader */; };
		F79B48642D83EB440001F1C6 /* FirebasePerformance in Frameworks */ = {isa = PBXBuildFile; productRef = F79B48632D83EB440001F1C6 /* FirebasePerformance */; };
		F79B48662D83EB440001F1C6 /* FirebaseRemoteConfig in Frameworks */ = {isa = PBXBuildFile; productRef = F79B48652D83EB440001F1C6 /* FirebaseRemoteConfig */; };
		F79B48682D83EB440001F1C6 /* FirebaseStorage in Frameworks */ = {isa = PBXBuildFile; productRef = F79B48672D83EB440001F1C6 /* FirebaseStorage */; };
		F79B486A2D83EB440001F1C6 /* FirebaseStorageCombine-Community in Frameworks */ = {isa = PBXBuildFile; productRef = F79B48692D83EB440001F1C6 /* FirebaseStorageCombine-Community */; };
		F79B486C2D83EB440001F1C6 /* FirebaseVertexAI in Frameworks */ = {isa = PBXBuildFile; productRef = F79B486B2D83EB440001F1C6 /* FirebaseVertexAI */; };
/* End PBXBuildFile section */

/* Begin PBXContainerItemProxy section */
		F7C72A2A2D81726E004FA462 /* PBXContainerItemProxy */ = {
			isa = PBXContainerItemProxy;
			containerPortal = F7C72A102D81726A004FA462 /* Project object */;
			proxyType = 1;
			remoteGlobalIDString = F7C72A172D81726B004FA462;
			remoteInfo = Harmony;
		};
		F7C72A342D81726E004FA462 /* PBXContainerItemProxy */ = {
			isa = PBXContainerItemProxy;
			containerPortal = F7C72A102D81726A004FA462 /* Project object */;
			proxyType = 1;
			remoteGlobalIDString = F7C72A172D81726B004FA462;
			remoteInfo = Harmony;
		};
/* End PBXContainerItemProxy section */

/* Begin PBXFileReference section */
		F7C72A182D81726B004FA462 /* Harmony.app */ = {isa = PBXFileReference; explicitFileType = wrapper.application; includeInIndex = 0; path = Harmony.app; sourceTree = BUILT_PRODUCTS_DIR; };
		F7C72A292D81726E004FA462 /* HarmonyTests.xctest */ = {isa = PBXFileReference; explicitFileType = wrapper.cfbundle; includeInIndex = 0; path = HarmonyTests.xctest; sourceTree = BUILT_PRODUCTS_DIR; };
		F7C72A332D81726E004FA462 /* HarmonyUITests.xctest */ = {isa = PBXFileReference; explicitFileType = wrapper.cfbundle; includeInIndex = 0; path = HarmonyUITests.xctest; sourceTree = BUILT_PRODUCTS_DIR; };
/* End PBXFileReference section */

/* Begin PBXFileSystemSynchronizedRootGroup section */
		F7C72A1A2D81726B004FA462 /* Harmony */ = {
			isa = PBXFileSystemSynchronizedRootGroup;
			path = Harmony;
			sourceTree = "<group>";
		};
		F7C72A362D81726E004FA462 /* HarmonyUITests */ = {
			isa = PBXFileSystemSynchronizedRootGroup;
			path = HarmonyUITests;
			sourceTree = "<group>";
		};
/* End PBXFileSystemSynchronizedRootGroup section */

/* Begin PBXFrameworksBuildPhase section */
		F7C72A152D81726B004FA462 /* Frameworks */ = {
			isa = PBXFrameworksBuildPhase;
			buildActionMask = 2147483647;
			files = (
				F79B48602D83EB440001F1C6 /* FirebaseMessaging in Frameworks */,
				F79B486C2D83EB440001F1C6 /* FirebaseVertexAI in Frameworks */,
				F79175F72D818CF400F09F8B /* FirebaseDatabase in Frameworks */,
				F79B48642D83EB440001F1C6 /* FirebasePerformance in Frameworks */,
				F79B486A2D83EB440001F1C6 /* FirebaseStorageCombine-Community in Frameworks */,
				F79B48662D83EB440001F1C6 /* FirebaseRemoteConfig in Frameworks */,
				F79B48502D83EB440001F1C6 /* FirebaseAnalyticsWithoutAdIdSupport in Frameworks */,
				F79B484A2D83EB360001F1C6 /* FirebaseInAppMessaging-Beta in Frameworks */,
				F79B48582D83EB440001F1C6 /* FirebaseCrashlytics in Frameworks */,
				F79B484C2D83EB440001F1C6 /* FirebaseAnalytics in Frameworks */,
				F79B48562D83EB440001F1C6 /* FirebaseAuthCombine-Community in Frameworks */,
				F79175F92D818D2700F09F8B /* FirebaseFirestore in Frameworks */,
				F79B485C2D83EB440001F1C6 /* FirebaseFunctionsCombine-Community in Frameworks */,
				F79B485E2D83EB440001F1C6 /* FirebaseInstallations in Frameworks */,
				F79B484E2D83EB440001F1C6 /* FirebaseAnalyticsOnDeviceConversion in Frameworks */,
				F79175EC2D8183DC00F09F8B /* FirebaseCore in Frameworks */,
				F79B48622D83EB440001F1C6 /* FirebaseMLModelDownloader in Frameworks */,
				F79B48482D83EB2E0001F1C6 /* FirebaseFunctions in Frameworks */,
				F79B48462D83EB0B0001F1C6 /* FirebaseFirestoreCombine-Community in Frameworks */,
				F79175EE2D81843200F09F8B /* FirebaseAuth in Frameworks */,
				F79B48522D83EB440001F1C6 /* FirebaseAppCheck in Frameworks */,
				F79B48682D83EB440001F1C6 /* FirebaseStorage in Frameworks */,
				F79B48542D83EB440001F1C6 /* FirebaseAppDistribution-Beta in Frameworks */,
				F79B485A2D83EB440001F1C6 /* FirebaseDynamicLinks in Frameworks */,
			);
			runOnlyForDeploymentPostprocessing = 0;
		};
		F7C72A262D81726E004FA462 /* Frameworks */ = {
			isa = PBXFrameworksBuildPhase;
			buildActionMask = 2147483647;
			files = (
			);
			runOnlyForDeploymentPostprocessing = 0;
		};
		F7C72A302D81726E004FA462 /* Frameworks */ = {
			isa = PBXFrameworksBuildPhase;
			buildActionMask = 2147483647;
			files = (
			);
			runOnlyForDeploymentPostprocessing = 0;
		};
/* End PBXFrameworksBuildPhase section */

/* Begin PBXGroup section */
		F79175EA2D8183C000F09F8B /* Frameworks */ = {
			isa = PBXGroup;
			children = (
			);
			name = Frameworks;
			sourceTree = "<group>";
		};
		F7C72A0F2D81726A004FA462 = {
			isa = PBXGroup;
			children = (
				F7C72A1A2D81726B004FA462 /* Harmony */,
				F7C72A362D81726E004FA462 /* HarmonyUITests */,
				F79175EA2D8183C000F09F8B /* Frameworks */,
				F7C72A192D81726B004FA462 /* Products */,
			);
			sourceTree = "<group>";
		};
		F7C72A192D81726B004FA462 /* Products */ = {
			isa = PBXGroup;
			children = (
				F7C72A182D81726B004FA462 /* Harmony.app */,
				F7C72A292D81726E004FA462 /* HarmonyTests.xctest */,
				F7C72A332D81726E004FA462 /* HarmonyUITests.xctest */,
			);
			name = Products;
			sourceTree = "<group>";
		};
/* End PBXGroup section */

/* Begin PBXNativeTarget section */
		F7C72A172D81726B004FA462 /* Harmony */ = {
			isa = PBXNativeTarget;
			buildConfigurationList = F7C72A3D2D81726E004FA462 /* Build configuration list for PBXNativeTarget "Harmony" */;
			buildPhases = (
				F7C72A142D81726B004FA462 /* Sources */,
				F7C72A152D81726B004FA462 /* Frameworks */,
				F7C72A162D81726B004FA462 /* Resources */,
			);
			buildRules = (
			);
			dependencies = (
			);
			fileSystemSynchronizedGroups = (
				F7C72A1A2D81726B004FA462 /* Harmony */,
			);
			name = Harmony;
			packageProductDependencies = (
				F79175EB2D8183DC00F09F8B /* FirebaseCore */,
				F79175ED2D81843200F09F8B /* FirebaseAuth */,
				F79175F62D818CF400F09F8B /* FirebaseDatabase */,
				F79175F82D818D2700F09F8B /* FirebaseFirestore */,
				F79B48452D83EB0B0001F1C6 /* FirebaseFirestoreCombine-Community */,
				F79B48472D83EB2E0001F1C6 /* FirebaseFunctions */,
				F79B48492D83EB360001F1C6 /* FirebaseInAppMessaging-Beta */,
				F79B484B2D83EB440001F1C6 /* FirebaseAnalytics */,
				F79B484D2D83EB440001F1C6 /* FirebaseAnalyticsOnDeviceConversion */,
				F79B484F2D83EB440001F1C6 /* FirebaseAnalyticsWithoutAdIdSupport */,
				F79B48512D83EB440001F1C6 /* FirebaseAppCheck */,
				F79B48532D83EB440001F1C6 /* FirebaseAppDistribution-Beta */,
				F79B48552D83EB440001F1C6 /* FirebaseAuthCombine-Community */,
				F79B48572D83EB440001F1C6 /* FirebaseCrashlytics */,
				F79B48592D83EB440001F1C6 /* FirebaseDynamicLinks */,
				F79B485B2D83EB440001F1C6 /* FirebaseFunctionsCombine-Community */,
				F79B485D2D83EB440001F1C6 /* FirebaseInstallations */,
				F79B485F2D83EB440001F1C6 /* FirebaseMessaging */,
				F79B48612D83EB440001F1C6 /* FirebaseMLModelDownloader */,
				F79B48632D83EB440001F1C6 /* FirebasePerformance */,
				F79B48652D83EB440001F1C6 /* FirebaseRemoteConfig */,
				F79B48672D83EB440001F1C6 /* FirebaseStorage */,
				F79B48692D83EB440001F1C6 /* FirebaseStorageCombine-Community */,
				F79B486B2D83EB440001F1C6 /* FirebaseVertexAI */,
			);
			productName = Harmony;
			productReference = F7C72A182D81726B004FA462 /* Harmony.app */;
			productType = "com.apple.product-type.application";
		};
		F7C72A282D81726E004FA462 /* HarmonyTests */ = {
			isa = PBXNativeTarget;
			buildConfigurationList = F7C72A402D81726E004FA462 /* Build configuration list for PBXNativeTarget "HarmonyTests" */;
			buildPhases = (
				F7C72A252D81726E004FA462 /* Sources */,
				F7C72A262D81726E004FA462 /* Frameworks */,
				F7C72A272D81726E004FA462 /* Resources */,
			);
			buildRules = (
			);
			dependencies = (
				F7C72A2B2D81726E004FA462 /* PBXTargetDependency */,
			);
			name = HarmonyTests;
			packageProductDependencies = (
			);
			productName = HarmonyTests;
			productReference = F7C72A292D81726E004FA462 /* HarmonyTests.xctest */;
			productType = "com.apple.product-type.bundle.unit-test";
		};
		F7C72A322D81726E004FA462 /* HarmonyUITests */ = {
			isa = PBXNativeTarget;
			buildConfigurationList = F7C72A432D81726E004FA462 /* Build configuration list for PBXNativeTarget "HarmonyUITests" */;
			buildPhases = (
				F7C72A2F2D81726E004FA462 /* Sources */,
				F7C72A302D81726E004FA462 /* Frameworks */,
				F7C72A312D81726E004FA462 /* Resources */,
			);
			buildRules = (
			);
			dependencies = (
				F7C72A352D81726E004FA462 /* PBXTargetDependency */,
			);
			fileSystemSynchronizedGroups = (
				F7C72A362D81726E004FA462 /* HarmonyUITests */,
			);
			name = HarmonyUITests;
			packageProductDependencies = (
			);
			productName = HarmonyUITests;
			productReference = F7C72A332D81726E004FA462 /* HarmonyUITests.xctest */;
			productType = "com.apple.product-type.bundle.ui-testing";
		};
/* End PBXNativeTarget section */

/* Begin PBXProject section */
		F7C72A102D81726A004FA462 /* Project object */ = {
			isa = PBXProject;
			attributes = {
				BuildIndependentTargetsInParallel = 1;
				LastSwiftUpdateCheck = 1620;
				LastUpgradeCheck = 1620;
				TargetAttributes = {
					F7C72A172D81726B004FA462 = {
						CreatedOnToolsVersion = 16.2;
					};
					F7C72A282D81726E004FA462 = {
						CreatedOnToolsVersion = 16.2;
						TestTargetID = F7C72A172D81726B004FA462;
					};
					F7C72A322D81726E004FA462 = {
						CreatedOnToolsVersion = 16.2;
						TestTargetID = F7C72A172D81726B004FA462;
					};
				};
			};
			buildConfigurationList = F7C72A132D81726A004FA462 /* Build configuration list for PBXProject "Harmony" */;
			developmentRegion = en;
			hasScannedForEncodings = 0;
			knownRegions = (
				en,
				Base,
			);
			mainGroup = F7C72A0F2D81726A004FA462;
			minimizedProjectReferenceProxies = 1;
			packageReferences = (
				F7C72A522D8179D3004FA462 /* XCRemoteSwiftPackageReference "firebase-ios-sdk" */,
			);
			preferredProjectObjectVersion = 77;
			productRefGroup = F7C72A192D81726B004FA462 /* Products */;
			projectDirPath = "";
			projectRoot = "";
			targets = (
				F7C72A172D81726B004FA462 /* Harmony */,
				F7C72A282D81726E004FA462 /* HarmonyTests */,
				F7C72A322D81726E004FA462 /* HarmonyUITests */,
			);
		};
/* End PBXProject section */

/* Begin PBXResourcesBuildPhase section */
		F7C72A162D81726B004FA462 /* Resources */ = {
			isa = PBXResourcesBuildPhase;
			buildActionMask = 2147483647;
			files = (
			);
			runOnlyForDeploymentPostprocessing = 0;
		};
		F7C72A272D81726E004FA462 /* Resources */ = {
			isa = PBXResourcesBuildPhase;
			buildActionMask = 2147483647;
			files = (
			);
			runOnlyForDeploymentPostprocessing = 0;
		};
		F7C72A312D81726E004FA462 /* Resources */ = {
			isa = PBXResourcesBuildPhase;
			buildActionMask = 2147483647;
			files = (
			);
			runOnlyForDeploymentPostprocessing = 0;
		};
/* End PBXResourcesBuildPhase section */

/* Begin PBXSourcesBuildPhase section */
		F7C72A142D81726B004FA462 /* Sources */ = {
			isa = PBXSourcesBuildPhase;
			buildActionMask = 2147483647;
			files = (
			);
			runOnlyForDeploymentPostprocessing = 0;
		};
		F7C72A252D81726E004FA462 /* Sources */ = {
			isa = PBXSourcesBuildPhase;
			buildActionMask = 2147483647;
			files = (
			);
			runOnlyForDeploymentPostprocessing = 0;
		};
		F7C72A2F2D81726E004FA462 /* Sources */ = {
			isa = PBXSourcesBuildPhase;
			buildActionMask = 2147483647;
			files = (
			);
			runOnlyForDeploymentPostprocessing = 0;
		};
/* End PBXSourcesBuildPhase section */

/* Begin PBXTargetDependency section */
		F7C72A2B2D81726E004FA462 /* PBXTargetDependency */ = {
			isa = PBXTargetDependency;
			target = F7C72A172D81726B004FA462 /* Harmony */;
			targetProxy = F7C72A2A2D81726E004FA462 /* PBXContainerItemProxy */;
		};
		F7C72A352D81726E004FA462 /* PBXTargetDependency */ = {
			isa = PBXTargetDependency;
			target = F7C72A172D81726B004FA462 /* Harmony */;
			targetProxy = F7C72A342D81726E004FA462 /* PBXContainerItemProxy */;
		};
/* End PBXTargetDependency section */

/* Begin XCBuildConfiguration section */
		F7C72A3B2D81726E004FA462 /* Debug */ = {
			isa = XCBuildConfiguration;
			buildSettings = {
				ALWAYS_SEARCH_USER_PATHS = NO;
				ASSETCATALOG_COMPILER_GENERATE_SWIFT_ASSET_SYMBOL_EXTENSIONS = YES;
				CLANG_ANALYZER_NONNULL = YES;
				CLANG_ANALYZER_NUMBER_OBJECT_CONVERSION = YES_AGGRESSIVE;
				CLANG_CXX_LANGUAGE_STANDARD = "gnu++20";
				CLANG_ENABLE_MODULES = YES;
				CLANG_ENABLE_OBJC_ARC = YES;
				CLANG_ENABLE_OBJC_WEAK = YES;
				CLANG_WARN_BLOCK_CAPTURE_AUTORELEASING = YES;
				CLANG_WARN_BOOL_CONVERSION = YES;
				CLANG_WARN_COMMA = YES;
				CLANG_WARN_CONSTANT_CONVERSION = YES;
				CLANG_WARN_DEPRECATED_OBJC_IMPLEMENTATIONS = YES;
				CLANG_WARN_DIRECT_OBJC_ISA_USAGE = YES_ERROR;
				CLANG_WARN_DOCUMENTATION_COMMENTS = YES;
				CLANG_WARN_EMPTY_BODY = YES;
				CLANG_WARN_ENUM_CONVERSION = YES;
				CLANG_WARN_INFINITE_RECURSION = YES;
				CLANG_WARN_INT_CONVERSION = YES;
				CLANG_WARN_NON_LITERAL_NULL_CONVERSION = YES;
				CLANG_WARN_OBJC_IMPLICIT_RETAIN_SELF = YES;
				CLANG_WARN_OBJC_LITERAL_CONVERSION = YES;
				CLANG_WARN_OBJC_ROOT_CLASS = YES_ERROR;
				CLANG_WARN_QUOTED_INCLUDE_IN_FRAMEWORK_HEADER = YES;
				CLANG_WARN_RANGE_LOOP_ANALYSIS = YES;
				CLANG_WARN_STRICT_PROTOTYPES = YES;
				CLANG_WARN_SUSPICIOUS_MOVE = YES;
				CLANG_WARN_UNGUARDED_AVAILABILITY = YES_AGGRESSIVE;
				CLANG_WARN_UNREACHABLE_CODE = YES;
				CLANG_WARN__DUPLICATE_METHOD_MATCH = YES;
				COPY_PHASE_STRIP = NO;
				DEBUG_INFORMATION_FORMAT = dwarf;
				ENABLE_STRICT_OBJC_MSGSEND = YES;
				ENABLE_TESTABILITY = YES;
				ENABLE_USER_SCRIPT_SANDBOXING = YES;
				GCC_C_LANGUAGE_STANDARD = gnu17;
				GCC_DYNAMIC_NO_PIC = NO;
				GCC_NO_COMMON_BLOCKS = YES;
				GCC_OPTIMIZATION_LEVEL = 0;
				GCC_PREPROCESSOR_DEFINITIONS = (
					"DEBUG=1",
					"$(inherited)",
				);
				GCC_WARN_64_TO_32_BIT_CONVERSION = YES;
				GCC_WARN_ABOUT_RETURN_TYPE = YES_ERROR;
				GCC_WARN_UNDECLARED_SELECTOR = YES;
				GCC_WARN_UNINITIALIZED_AUTOS = YES_AGGRESSIVE;
				GCC_WARN_UNUSED_FUNCTION = YES;
				GCC_WARN_UNUSED_VARIABLE = YES;
				LOCALIZATION_PREFERS_STRING_CATALOGS = YES;
				MTL_ENABLE_DEBUG_INFO = INCLUDE_SOURCE;
				MTL_FAST_MATH = YES;
				ONLY_ACTIVE_ARCH = YES;
				SWIFT_ACTIVE_COMPILATION_CONDITIONS = "DEBUG $(inherited)";
				SWIFT_OPTIMIZATION_LEVEL = "-Onone";
			};
			name = Debug;
		};
		F7C72A3C2D81726E004FA462 /* Release */ = {
			isa = XCBuildConfiguration;
			buildSettings = {
				ALWAYS_SEARCH_USER_PATHS = NO;
				ASSETCATALOG_COMPILER_GENERATE_SWIFT_ASSET_SYMBOL_EXTENSIONS = YES;
				CLANG_ANALYZER_NONNULL = YES;
				CLANG_ANALYZER_NUMBER_OBJECT_CONVERSION = YES_AGGRESSIVE;
				CLANG_CXX_LANGUAGE_STANDARD = "gnu++20";
				CLANG_ENABLE_MODULES = YES;
				CLANG_ENABLE_OBJC_ARC = YES;
				CLANG_ENABLE_OBJC_WEAK = YES;
				CLANG_WARN_BLOCK_CAPTURE_AUTORELEASING = YES;
				CLANG_WARN_BOOL_CONVERSION = YES;
				CLANG_WARN_COMMA = YES;
				CLANG_WARN_CONSTANT_CONVERSION = YES;
				CLANG_WARN_DEPRECATED_OBJC_IMPLEMENTATIONS = YES;
				CLANG_WARN_DIRECT_OBJC_ISA_USAGE = YES_ERROR;
				CLANG_WARN_DOCUMENTATION_COMMENTS = YES;
				CLANG_WARN_EMPTY_BODY = YES;
				CLANG_WARN_ENUM_CONVERSION = YES;
				CLANG_WARN_INFINITE_RECURSION = YES;
				CLANG_WARN_INT_CONVERSION = YES;
				CLANG_WARN_NON_LITERAL_NULL_CONVERSION = YES;
				CLANG_WARN_OBJC_IMPLICIT_RETAIN_SELF = YES;
				CLANG_WARN_OBJC_LITERAL_CONVERSION = YES;
				CLANG_WARN_OBJC_ROOT_CLASS = YES_ERROR;
				CLANG_WARN_QUOTED_INCLUDE_IN_FRAMEWORK_HEADER = YES;
				CLANG_WARN_RANGE_LOOP_ANALYSIS = YES;
				CLANG_WARN_STRICT_PROTOTYPES = YES;
				CLANG_WARN_SUSPICIOUS_MOVE = YES;
				CLANG_WARN_UNGUARDED_AVAILABILITY = YES_AGGRESSIVE;
				CLANG_WARN_UNREACHABLE_CODE = YES;
				CLANG_WARN__DUPLICATE_METHOD_MATCH = YES;
				COPY_PHASE_STRIP = NO;
				DEBUG_INFORMATION_FORMAT = "dwarf-with-dsym";
				ENABLE_NS_ASSERTIONS = NO;
				ENABLE_STRICT_OBJC_MSGSEND = YES;
				ENABLE_USER_SCRIPT_SANDBOXING = YES;
				GCC_C_LANGUAGE_STANDARD = gnu17;
				GCC_NO_COMMON_BLOCKS = YES;
				GCC_WARN_64_TO_32_BIT_CONVERSION = YES;
				GCC_WARN_ABOUT_RETURN_TYPE = YES_ERROR;
				GCC_WARN_UNDECLARED_SELECTOR = YES;
				GCC_WARN_UNINITIALIZED_AUTOS = YES_AGGRESSIVE;
				GCC_WARN_UNUSED_FUNCTION = YES;
				GCC_WARN_UNUSED_VARIABLE = YES;
				LOCALIZATION_PREFERS_STRING_CATALOGS = YES;
				MTL_ENABLE_DEBUG_INFO = NO;
				MTL_FAST_MATH = YES;
				SWIFT_COMPILATION_MODE = wholemodule;
			};
			name = Release;
		};
		F7C72A3E2D81726E004FA462 /* Debug */ = {
			isa = XCBuildConfiguration;
			buildSettings = {
				ASSETCATALOG_COMPILER_APPICON_NAME = AppIcon;
				ASSETCATALOG_COMPILER_GLOBAL_ACCENT_COLOR_NAME = AccentColor;
				CODE_SIGN_ENTITLEMENTS = Harmony/Harmony.entitlements;
				CODE_SIGN_STYLE = Automatic;
				CURRENT_PROJECT_VERSION = 1;
				DEVELOPMENT_ASSET_PATHS = "\"Harmony/Preview Content\"";
				ENABLE_PREVIEWS = YES;
				GENERATE_INFOPLIST_FILE = YES;
				"INFOPLIST_KEY_UIApplicationSceneManifest_Generation[sdk=iphoneos*]" = YES;
				"INFOPLIST_KEY_UIApplicationSceneManifest_Generation[sdk=iphonesimulator*]" = YES;
				"INFOPLIST_KEY_UIApplicationSupportsIndirectInputEvents[sdk=iphoneos*]" = YES;
				"INFOPLIST_KEY_UIApplicationSupportsIndirectInputEvents[sdk=iphonesimulator*]" = YES;
				"INFOPLIST_KEY_UILaunchScreen_Generation[sdk=iphoneos*]" = YES;
				"INFOPLIST_KEY_UILaunchScreen_Generation[sdk=iphonesimulator*]" = YES;
				"INFOPLIST_KEY_UIStatusBarStyle[sdk=iphoneos*]" = UIStatusBarStyleDefault;
				"INFOPLIST_KEY_UIStatusBarStyle[sdk=iphonesimulator*]" = UIStatusBarStyleDefault;
				INFOPLIST_KEY_UISupportedInterfaceOrientations_iPad = "UIInterfaceOrientationPortrait UIInterfaceOrientationPortraitUpsideDown UIInterfaceOrientationLandscapeLeft UIInterfaceOrientationLandscapeRight";
				INFOPLIST_KEY_UISupportedInterfaceOrientations_iPhone = "UIInterfaceOrientationPortrait UIInterfaceOrientationLandscapeLeft UIInterfaceOrientationLandscapeRight";
				IPHONEOS_DEPLOYMENT_TARGET = 18.2;
				LD_RUNPATH_SEARCH_PATHS = "@executable_path/Frameworks";
				"LD_RUNPATH_SEARCH_PATHS[sdk=macosx*]" = "@executable_path/../Frameworks";
				MACOSX_DEPLOYMENT_TARGET = 15.2;
				MARKETING_VERSION = 1.0;
				PRODUCT_BUNDLE_IDENTIFIER = "forrest-arnold.Harmony";
				PRODUCT_NAME = "$(TARGET_NAME)";
				SDKROOT = auto;
				SUPPORTED_PLATFORMS = "iphoneos iphonesimulator macosx xros xrsimulator";
				SWIFT_EMIT_LOC_STRINGS = YES;
				SWIFT_VERSION = 5.0;
				TARGETED_DEVICE_FAMILY = "1,2,7";
				XROS_DEPLOYMENT_TARGET = 2.2;
			};
			name = Debug;
		};
		F7C72A3F2D81726E004FA462 /* Release */ = {
			isa = XCBuildConfiguration;
			buildSettings = {
				ASSETCATALOG_COMPILER_APPICON_NAME = AppIcon;
				ASSETCATALOG_COMPILER_GLOBAL_ACCENT_COLOR_NAME = AccentColor;
				CODE_SIGN_ENTITLEMENTS = Harmony/Harmony.entitlements;
				CODE_SIGN_STYLE = Automatic;
				CURRENT_PROJECT_VERSION = 1;
				DEVELOPMENT_ASSET_PATHS = "\"Harmony/Preview Content\"";
				ENABLE_PREVIEWS = YES;
				GENERATE_INFOPLIST_FILE = YES;
				"INFOPLIST_KEY_UIApplicationSceneManifest_Generation[sdk=iphoneos*]" = YES;
				"INFOPLIST_KEY_UIApplicationSceneManifest_Generation[sdk=iphonesimulator*]" = YES;
				"INFOPLIST_KEY_UIApplicationSupportsIndirectInputEvents[sdk=iphoneos*]" = YES;
				"INFOPLIST_KEY_UIApplicationSupportsIndirectInputEvents[sdk=iphonesimulator*]" = YES;
				"INFOPLIST_KEY_UILaunchScreen_Generation[sdk=iphoneos*]" = YES;
				"INFOPLIST_KEY_UILaunchScreen_Generation[sdk=iphonesimulator*]" = YES;
				"INFOPLIST_KEY_UIStatusBarStyle[sdk=iphoneos*]" = UIStatusBarStyleDefault;
				"INFOPLIST_KEY_UIStatusBarStyle[sdk=iphonesimulator*]" = UIStatusBarStyleDefault;
				INFOPLIST_KEY_UISupportedInterfaceOrientations_iPad = "UIInterfaceOrientationPortrait UIInterfaceOrientationPortraitUpsideDown UIInterfaceOrientationLandscapeLeft UIInterfaceOrientationLandscapeRight";
				INFOPLIST_KEY_UISupportedInterfaceOrientations_iPhone = "UIInterfaceOrientationPortrait UIInterfaceOrientationLandscapeLeft UIInterfaceOrientationLandscapeRight";
				IPHONEOS_DEPLOYMENT_TARGET = 18.2;
				LD_RUNPATH_SEARCH_PATHS = "@executable_path/Frameworks";
				"LD_RUNPATH_SEARCH_PATHS[sdk=macosx*]" = "@executable_path/../Frameworks";
				MACOSX_DEPLOYMENT_TARGET = 15.2;
				MARKETING_VERSION = 1.0;
				PRODUCT_BUNDLE_IDENTIFIER = "forrest-arnold.Harmony";
				PRODUCT_NAME = "$(TARGET_NAME)";
				SDKROOT = auto;
				SUPPORTED_PLATFORMS = "iphoneos iphonesimulator macosx xros xrsimulator";
				SWIFT_EMIT_LOC_STRINGS = YES;
				SWIFT_VERSION = 5.0;
				TARGETED_DEVICE_FAMILY = "1,2,7";
				XROS_DEPLOYMENT_TARGET = 2.2;
			};
			name = Release;
		};
		F7C72A412D81726E004FA462 /* Debug */ = {
			isa = XCBuildConfiguration;
			buildSettings = {
				BUNDLE_LOADER = "$(TEST_HOST)";
				CODE_SIGN_STYLE = Automatic;
				CURRENT_PROJECT_VERSION = 1;
				GENERATE_INFOPLIST_FILE = YES;
				IPHONEOS_DEPLOYMENT_TARGET = 18.2;
				MACOSX_DEPLOYMENT_TARGET = 15.2;
				MARKETING_VERSION = 1.0;
				PRODUCT_BUNDLE_IDENTIFIER = "forrest-arnold.HarmonyTests";
				PRODUCT_NAME = "$(TARGET_NAME)";
				SDKROOT = auto;
				SUPPORTED_PLATFORMS = "iphoneos iphonesimulator macosx xros xrsimulator";
				SWIFT_EMIT_LOC_STRINGS = NO;
				SWIFT_VERSION = 5.0;
				TARGETED_DEVICE_FAMILY = "1,2,7";
				TEST_HOST = "$(BUILT_PRODUCTS_DIR)/Harmony.app/$(BUNDLE_EXECUTABLE_FOLDER_PATH)/Harmony";
				XROS_DEPLOYMENT_TARGET = 2.2;
			};
			name = Debug;
		};
		F7C72A422D81726E004FA462 /* Release */ = {
			isa = XCBuildConfiguration;
			buildSettings = {
				BUNDLE_LOADER = "$(TEST_HOST)";
				CODE_SIGN_STYLE = Automatic;
				CURRENT_PROJECT_VERSION = 1;
				GENERATE_INFOPLIST_FILE = YES;
				IPHONEOS_DEPLOYMENT_TARGET = 18.2;
				MACOSX_DEPLOYMENT_TARGET = 15.2;
				MARKETING_VERSION = 1.0;
				PRODUCT_BUNDLE_IDENTIFIER = "forrest-arnold.HarmonyTests";
				PRODUCT_NAME = "$(TARGET_NAME)";
				SDKROOT = auto;
				SUPPORTED_PLATFORMS = "iphoneos iphonesimulator macosx xros xrsimulator";
				SWIFT_EMIT_LOC_STRINGS = NO;
				SWIFT_VERSION = 5.0;
				TARGETED_DEVICE_FAMILY = "1,2,7";
				TEST_HOST = "$(BUILT_PRODUCTS_DIR)/Harmony.app/$(BUNDLE_EXECUTABLE_FOLDER_PATH)/Harmony";
				XROS_DEPLOYMENT_TARGET = 2.2;
			};
			name = Release;
		};
		F7C72A442D81726E004FA462 /* Debug */ = {
			isa = XCBuildConfiguration;
			buildSettings = {
				CODE_SIGN_STYLE = Automatic;
				CURRENT_PROJECT_VERSION = 1;
				GENERATE_INFOPLIST_FILE = YES;
				IPHONEOS_DEPLOYMENT_TARGET = 18.2;
				MACOSX_DEPLOYMENT_TARGET = 15.2;
				MARKETING_VERSION = 1.0;
				PRODUCT_BUNDLE_IDENTIFIER = "forrest-arnold.HarmonyUITests";
				PRODUCT_NAME = "$(TARGET_NAME)";
				SDKROOT = auto;
				SUPPORTED_PLATFORMS = "iphoneos iphonesimulator macosx xros xrsimulator";
				SWIFT_EMIT_LOC_STRINGS = NO;
				SWIFT_VERSION = 5.0;
				TARGETED_DEVICE_FAMILY = "1,2,7";
				TEST_TARGET_NAME = Harmony;
				XROS_DEPLOYMENT_TARGET = 2.2;
			};
			name = Debug;
		};
		F7C72A452D81726E004FA462 /* Release */ = {
			isa = XCBuildConfiguration;
			buildSettings = {
				CODE_SIGN_STYLE = Automatic;
				CURRENT_PROJECT_VERSION = 1;
				GENERATE_INFOPLIST_FILE = YES;
				IPHONEOS_DEPLOYMENT_TARGET = 18.2;
				MACOSX_DEPLOYMENT_TARGET = 15.2;
				MARKETING_VERSION = 1.0;
				PRODUCT_BUNDLE_IDENTIFIER = "forrest-arnold.HarmonyUITests";
				PRODUCT_NAME = "$(TARGET_NAME)";
				SDKROOT = auto;
				SUPPORTED_PLATFORMS = "iphoneos iphonesimulator macosx xros xrsimulator";
				SWIFT_EMIT_LOC_STRINGS = NO;
				SWIFT_VERSION = 5.0;
				TARGETED_DEVICE_FAMILY = "1,2,7";
				TEST_TARGET_NAME = Harmony;
				XROS_DEPLOYMENT_TARGET = 2.2;
			};
			name = Release;
		};
/* End XCBuildConfiguration section */

/* Begin XCConfigurationList section */
		F7C72A132D81726A004FA462 /* Build configuration list for PBXProject "Harmony" */ = {
			isa = XCConfigurationList;
			buildConfigurations = (
				F7C72A3B2D81726E004FA462 /* Debug */,
				F7C72A3C2D81726E004FA462 /* Release */,
			);
			defaultConfigurationIsVisible = 0;
			defaultConfigurationName = Release;
		};
		F7C72A3D2D81726E004FA462 /* Build configuration list for PBXNativeTarget "Harmony" */ = {
			isa = XCConfigurationList;
			buildConfigurations = (
				F7C72A3E2D81726E004FA462 /* Debug */,
				F7C72A3F2D81726E004FA462 /* Release */,
			);
			defaultConfigurationIsVisible = 0;
			defaultConfigurationName = Release;
		};
		F7C72A402D81726E004FA462 /* Build configuration list for PBXNativeTarget "HarmonyTests" */ = {
			isa = XCConfigurationList;
			buildConfigurations = (
				F7C72A412D81726E004FA462 /* Debug */,
				F7C72A422D81726E004FA462 /* Release */,
			);
			defaultConfigurationIsVisible = 0;
			defaultConfigurationName = Release;
		};
		F7C72A432D81726E004FA462 /* Build configuration list for PBXNativeTarget "HarmonyUITests" */ = {
			isa = XCConfigurationList;
			buildConfigurations = (
				F7C72A442D81726E004FA462 /* Debug */,
				F7C72A452D81726E004FA462 /* Release */,
			);
			defaultConfigurationIsVisible = 0;
			defaultConfigurationName = Release;
		};
/* End XCConfigurationList section */

/* Begin XCRemoteSwiftPackageReference section */
		F7C72A522D8179D3004FA462 /* XCRemoteSwiftPackageReference "firebase-ios-sdk" */ = {
			isa = XCRemoteSwiftPackageReference;
			repositoryURL = "https://github.com/firebase/firebase-ios-sdk.git";
			requirement = {
				kind = upToNextMajorVersion;
				minimumVersion = 11.9.0;
			};
		};
/* End XCRemoteSwiftPackageReference section */

/* Begin XCSwiftPackageProductDependency section */
		F79175EB2D8183DC00F09F8B /* FirebaseCore */ = {
			isa = XCSwiftPackageProductDependency;
			package = F7C72A522D8179D3004FA462 /* XCRemoteSwiftPackageReference "firebase-ios-sdk" */;
			productName = FirebaseCore;
		};
		F79175ED2D81843200F09F8B /* FirebaseAuth */ = {
			isa = XCSwiftPackageProductDependency;
			package = F7C72A522D8179D3004FA462 /* XCRemoteSwiftPackageReference "firebase-ios-sdk" */;
			productName = FirebaseAuth;
		};
		F79175F62D818CF400F09F8B /* FirebaseDatabase */ = {
			isa = XCSwiftPackageProductDependency;
			package = F7C72A522D8179D3004FA462 /* XCRemoteSwiftPackageReference "firebase-ios-sdk" */;
			productName = FirebaseDatabase;
		};
		F79175F82D818D2700F09F8B /* FirebaseFirestore */ = {
			isa = XCSwiftPackageProductDependency;
			package = F7C72A522D8179D3004FA462 /* XCRemoteSwiftPackageReference "firebase-ios-sdk" */;
			productName = FirebaseFirestore;
		};
		F79B48452D83EB0B0001F1C6 /* FirebaseFirestoreCombine-Community */ = {
			isa = XCSwiftPackageProductDependency;
			package = F7C72A522D8179D3004FA462 /* XCRemoteSwiftPackageReference "firebase-ios-sdk" */;
			productName = "FirebaseFirestoreCombine-Community";
		};
		F79B48472D83EB2E0001F1C6 /* FirebaseFunctions */ = {
			isa = XCSwiftPackageProductDependency;
			package = F7C72A522D8179D3004FA462 /* XCRemoteSwiftPackageReference "firebase-ios-sdk" */;
			productName = FirebaseFunctions;
		};
		F79B48492D83EB360001F1C6 /* FirebaseInAppMessaging-Beta */ = {
			isa = XCSwiftPackageProductDependency;
			package = F7C72A522D8179D3004FA462 /* XCRemoteSwiftPackageReference "firebase-ios-sdk" */;
			productName = "FirebaseInAppMessaging-Beta";
		};
		F79B484B2D83EB440001F1C6 /* FirebaseAnalytics */ = {
			isa = XCSwiftPackageProductDependency;
			package = F7C72A522D8179D3004FA462 /* XCRemoteSwiftPackageReference "firebase-ios-sdk" */;
			productName = FirebaseAnalytics;
		};
		F79B484D2D83EB440001F1C6 /* FirebaseAnalyticsOnDeviceConversion */ = {
			isa = XCSwiftPackageProductDependency;
			package = F7C72A522D8179D3004FA462 /* XCRemoteSwiftPackageReference "firebase-ios-sdk" */;
			productName = FirebaseAnalyticsOnDeviceConversion;
		};
		F79B484F2D83EB440001F1C6 /* FirebaseAnalyticsWithoutAdIdSupport */ = {
			isa = XCSwiftPackageProductDependency;
			package = F7C72A522D8179D3004FA462 /* XCRemoteSwiftPackageReference "firebase-ios-sdk" */;
			productName = FirebaseAnalyticsWithoutAdIdSupport;
		};
		F79B48512D83EB440001F1C6 /* FirebaseAppCheck */ = {
			isa = XCSwiftPackageProductDependency;
			package = F7C72A522D8179D3004FA462 /* XCRemoteSwiftPackageReference "firebase-ios-sdk" */;
			productName = FirebaseAppCheck;
		};
		F79B48532D83EB440001F1C6 /* FirebaseAppDistribution-Beta */ = {
			isa = XCSwiftPackageProductDependency;
			package = F7C72A522D8179D3004FA462 /* XCRemoteSwiftPackageReference "firebase-ios-sdk" */;
			productName = "FirebaseAppDistribution-Beta";
		};
		F79B48552D83EB440001F1C6 /* FirebaseAuthCombine-Community */ = {
			isa = XCSwiftPackageProductDependency;
			package = F7C72A522D8179D3004FA462 /* XCRemoteSwiftPackageReference "firebase-ios-sdk" */;
			productName = "FirebaseAuthCombine-Community";
		};
		F79B48572D83EB440001F1C6 /* FirebaseCrashlytics */ = {
			isa = XCSwiftPackageProductDependency;
			package = F7C72A522D8179D3004FA462 /* XCRemoteSwiftPackageReference "firebase-ios-sdk" */;
			productName = FirebaseCrashlytics;
		};
		F79B48592D83EB440001F1C6 /* FirebaseDynamicLinks */ = {
			isa = XCSwiftPackageProductDependency;
			package = F7C72A522D8179D3004FA462 /* XCRemoteSwiftPackageReference "firebase-ios-sdk" */;
			productName = FirebaseDynamicLinks;
		};
		F79B485B2D83EB440001F1C6 /* FirebaseFunctionsCombine-Community */ = {
			isa = XCSwiftPackageProductDependency;
			package = F7C72A522D8179D3004FA462 /* XCRemoteSwiftPackageReference "firebase-ios-sdk" */;
			productName = "FirebaseFunctionsCombine-Community";
		};
		F79B485D2D83EB440001F1C6 /* FirebaseInstallations */ = {
			isa = XCSwiftPackageProductDependency;
			package = F7C72A522D8179D3004FA462 /* XCRemoteSwiftPackageReference "firebase-ios-sdk" */;
			productName = FirebaseInstallations;
		};
		F79B485F2D83EB440001F1C6 /* FirebaseMessaging */ = {
			isa = XCSwiftPackageProductDependency;
			package = F7C72A522D8179D3004FA462 /* XCRemoteSwiftPackageReference "firebase-ios-sdk" */;
			productName = FirebaseMessaging;
		};
		F79B48612D83EB440001F1C6 /* FirebaseMLModelDownloader */ = {
			isa = XCSwiftPackageProductDependency;
			package = F7C72A522D8179D3004FA462 /* XCRemoteSwiftPackageReference "firebase-ios-sdk" */;
			productName = FirebaseMLModelDownloader;
		};
		F79B48632D83EB440001F1C6 /* FirebasePerformance */ = {
			isa = XCSwiftPackageProductDependency;
			package = F7C72A522D8179D3004FA462 /* XCRemoteSwiftPackageReference "firebase-ios-sdk" */;
			productName = FirebasePerformance;
		};
		F79B48652D83EB440001F1C6 /* FirebaseRemoteConfig */ = {
			isa = XCSwiftPackageProductDependency;
			package = F7C72A522D8179D3004FA462 /* XCRemoteSwiftPackageReference "firebase-ios-sdk" */;
			productName = FirebaseRemoteConfig;
		};
		F79B48672D83EB440001F1C6 /* FirebaseStorage */ = {
			isa = XCSwiftPackageProductDependency;
			package = F7C72A522D8179D3004FA462 /* XCRemoteSwiftPackageReference "firebase-ios-sdk" */;
			productName = FirebaseStorage;
		};
		F79B48692D83EB440001F1C6 /* FirebaseStorageCombine-Community */ = {
			isa = XCSwiftPackageProductDependency;
			package = F7C72A522D8179D3004FA462 /* XCRemoteSwiftPackageReference "firebase-ios-sdk" */;
			productName = "FirebaseStorageCombine-Community";
		};
		F79B486B2D83EB440001F1C6 /* FirebaseVertexAI */ = {
			isa = XCSwiftPackageProductDependency;
			package = F7C72A522D8179D3004FA462 /* XCRemoteSwiftPackageReference "firebase-ios-sdk" */;
			productName = FirebaseVertexAI;
		};
/* End XCSwiftPackageProductDependency section */
	};
	rootObject = F7C72A102D81726A004FA462 /* Project object */;
}
